
Microsoft Visual Studio Solution File, Format Version 12.00
# Visual Studio Version 17
VisualStudioVersion = 17.0.31903.59
MinimumVisualStudioVersion = 10.0.40219.1
Project("{2150E333-8FDC-42A3-9474-1A3956D46DE8}") = "Sample Apps", "Sample Apps", "{81458429-2994-4447-947A-DE6335BF72EC}"
EndProject
Project("{2150E333-8FDC-42A3-9474-1A3956D46DE8}") = "MiscFiles", "MiscFiles", "{B5710DA4-60C9-4E33-9F6F-88F9E0B001E7}"
	ProjectSection(SolutionItems) = preProject
		.gitignore = .gitignore
		README.md = README.md
	EndProjectSection
EndProject
Project("{9A19103F-16F7-4668-BE54-9A1E7A4F7556}") = "Blazorade.Id", "Blazorade.Id\Blazorade.Id.csproj", "{A0F5B3A2-EF27-4B3E-8648-685A6920473D}"
EndProject
Project("{9A19103F-16F7-4668-BE54-9A1E7A4F7556}") = "Blazorade.Id.Tests", "Blazorade.Id.Tests\Blazorade.Id.Tests.csproj", "{3F3BD530-77AD-4D5A-BD10-2D504E8766FF}"
EndProject
Project("{9A19103F-16F7-4668-BE54-9A1E7A4F7556}") = "Blazorade.Id.Core", "Blazorade.Id.Core\Blazorade.Id.Core.csproj", "{FEFDE97C-E9BF-4ACE-B47A-CB99ED3B100A}"
EndProject
Project("{FAE04EC0-301F-11D3-BF4B-00C04F79EFBC}") = "SimpleWasm", "SimpleWasm\SimpleWasm.csproj", "{4ABD4EAA-5668-4C1E-A501-B10E65C8A443}"
EndProject
Project("{FAE04EC0-301F-11D3-BF4B-00C04F79EFBC}") = "AppRoleAdmin", "AppRoleAdmin\AppRoleAdmin.csproj", "{367EFCB4-39FE-4870-9BA3-22F0199FF3EC}"
EndProject
Project("{FAE04EC0-301F-11D3-BF4B-00C04F79EFBC}") = "SimpleServerApp", "SimpleServerApp\SimpleServerApp.csproj", "{204199AE-2364-4EA8-9F39-77C70EEBF820}"
EndProject
Project("{FAE04EC0-301F-11D3-BF4B-00C04F79EFBC}") = "BlazoradeIdSampleComponents", "BlazoradeIdSampleComponents\BlazoradeIdSampleComponents.csproj", "{F0F53B4A-D27C-46F7-AFBB-D5A92315F79A}"
EndProject
Global
	GlobalSection(SolutionConfigurationPlatforms) = preSolution
		Debug|Any CPU = Debug|Any CPU
		Release|Any CPU = Release|Any CPU
	EndGlobalSection
	GlobalSection(ProjectConfigurationPlatforms) = postSolution
		{A0F5B3A2-EF27-4B3E-8648-685A6920473D}.Debug|Any CPU.ActiveCfg = Debug|Any CPU
		{A0F5B3A2-EF27-4B3E-8648-685A6920473D}.Debug|Any CPU.Build.0 = Debug|Any CPU
		{A0F5B3A2-EF27-4B3E-8648-685A6920473D}.Release|Any CPU.ActiveCfg = Release|Any CPU
		{A0F5B3A2-EF27-4B3E-8648-685A6920473D}.Release|Any CPU.Build.0 = Release|Any CPU
		{3F3BD530-77AD-4D5A-BD10-2D504E8766FF}.Debug|Any CPU.ActiveCfg = Debug|Any CPU
		{3F3BD530-77AD-4D5A-BD10-2D504E8766FF}.Debug|Any CPU.Build.0 = Debug|Any CPU
		{3F3BD530-77AD-4D5A-BD10-2D504E8766FF}.Release|Any CPU.ActiveCfg = Release|Any CPU
		{3F3BD530-77AD-4D5A-BD10-2D504E8766FF}.Release|Any CPU.Build.0 = Release|Any CPU
		{FEFDE97C-E9BF-4ACE-B47A-CB99ED3B100A}.Debug|Any CPU.ActiveCfg = Debug|Any CPU
		{FEFDE97C-E9BF-4ACE-B47A-CB99ED3B100A}.Debug|Any CPU.Build.0 = Debug|Any CPU
		{FEFDE97C-E9BF-4ACE-B47A-CB99ED3B100A}.Release|Any CPU.ActiveCfg = Release|Any CPU
		{FEFDE97C-E9BF-4ACE-B47A-CB99ED3B100A}.Release|Any CPU.Build.0 = Release|Any CPU
		{4ABD4EAA-5668-4C1E-A501-B10E65C8A443}.Debug|Any CPU.ActiveCfg = Debug|Any CPU
		{4ABD4EAA-5668-4C1E-A501-B10E65C8A443}.Debug|Any CPU.Build.0 = Debug|Any CPU
		{4ABD4EAA-5668-4C1E-A501-B10E65C8A443}.Release|Any CPU.ActiveCfg = Release|Any CPU
		{4ABD4EAA-5668-4C1E-A501-B10E65C8A443}.Release|Any CPU.Build.0 = Release|Any CPU
		{367EFCB4-39FE-4870-9BA3-22F0199FF3EC}.Debug|Any CPU.ActiveCfg = Debug|Any CPU
		{367EFCB4-39FE-4870-9BA3-22F0199FF3EC}.Debug|Any CPU.Build.0 = Debug|Any CPU
		{367EFCB4-39FE-4870-9BA3-22F0199FF3EC}.Release|Any CPU.ActiveCfg = Release|Any CPU
		{367EFCB4-39FE-4870-9BA3-22F0199FF3EC}.Release|Any CPU.Build.0 = Release|Any CPU
		{204199AE-2364-4EA8-9F39-77C70EEBF820}.Debug|Any CPU.ActiveCfg = Debug|Any CPU
		{204199AE-2364-4EA8-9F39-77C70EEBF820}.Debug|Any CPU.Build.0 = Debug|Any CPU
		{204199AE-2364-4EA8-9F39-77C70EEBF820}.Release|Any CPU.ActiveCfg = Release|Any CPU
		{204199AE-2364-4EA8-9F39-77C70EEBF820}.Release|Any CPU.Build.0 = Release|Any CPU
		{F0F53B4A-D27C-46F7-AFBB-D5A92315F79A}.Debug|Any CPU.ActiveCfg = Debug|Any CPU
		{F0F53B4A-D27C-46F7-AFBB-D5A92315F79A}.Debug|Any CPU.Build.0 = Debug|Any CPU
		{F0F53B4A-D27C-46F7-AFBB-D5A92315F79A}.Release|Any CPU.ActiveCfg = Release|Any CPU
		{F0F53B4A-D27C-46F7-AFBB-D5A92315F79A}.Release|Any CPU.Build.0 = Release|Any CPU
	EndGlobalSection
	GlobalSection(SolutionProperties) = preSolution
		HideSolutionNode = FALSE
	EndGlobalSection
	GlobalSection(NestedProjects) = preSolution
		{4ABD4EAA-5668-4C1E-A501-B10E65C8A443} = {81458429-2994-4447-947A-DE6335BF72EC}
		{367EFCB4-39FE-4870-9BA3-22F0199FF3EC} = {81458429-2994-4447-947A-DE6335BF72EC}
		{204199AE-2364-4EA8-9F39-77C70EEBF820} = {81458429-2994-4447-947A-DE6335BF72EC}
		{F0F53B4A-D27C-46F7-AFBB-D5A92315F79A} = {81458429-2994-4447-947A-DE6335BF72EC}
	EndGlobalSection
	GlobalSection(ExtensibilityGlobals) = postSolution
		SolutionGuid = {065AFC3E-116F-4307-8BCE-513210EF3786}
	EndGlobalSection
EndGlobal
